
Microsoft Visual Studio Solution File, Format Version 12.00
# Visual Studio Version 17
VisualStudioVersion = 17.10.35004.147
MinimumVisualStudioVersion = 10.0.40219.1
Project("{FAE04EC0-301F-11D3-BF4B-00C04F79EFBC}") = "PrimeiroProjeto", "PrimeiroProjeto\PrimeiroProjeto.csproj", "{BCB8BF56-7D10-423E-B71E-B7C0F8345C9C}"
EndProject
Global
	GlobalSection(SolutionConfigurationPlatforms) = preSolution
		Debug|Any CPU = Debug|Any CPU
		Release|Any CPU = Release|Any CPU
	EndGlobalSection
	GlobalSection(ProjectConfigurationPlatforms) = postSolution
		{BCB8BF56-7D10-423E-B71E-B7C0F8345C9C}.Debug|Any CPU.ActiveCfg = Debug|Any CPU
		{BCB8BF56-7D10-423E-B71E-B7C0F8345C9C}.Debug|Any CPU.Build.0 = Debug|Any CPU
		{BCB8BF56-7D10-423E-B71E-B7C0F8345C9C}.Release|Any CPU.ActiveCfg = Release|Any CPU
		{BCB8BF56-7D10-423E-B71E-B7C0F8345C9C}.Release|Any CPU.Build.0 = Release|Any CPU
	EndGlobalSection
	GlobalSection(SolutionProperties) = preSolution
		HideSolutionNode = FALSE
	EndGlobalSection
	GlobalSection(ExtensibilityGlobals) = postSolution
		SolutionGuid = {4D9039B9-C6F7-410C-8DD9-0DAFCB9DDCD0}
	EndGlobalSection
EndGlobal
